// !$*UTF8*$!
{
	archiveVersion = 1;
	classes = {
	};
	objectVersion = 46;
	objects = {

/* Begin PBXBuildFile section */
		22EF2C981561FB5400557ABD /* main.m in Sources */ = {isa = PBXBuildFile; fileRef = 22EF2C971561FB5400557ABD /* main.m */; };
		22FA750A1418BBAB00345720 /* Foundation.framework in Frameworks */ = {isa = PBXBuildFile; fileRef = 22FA75091418BBAB00345720 /* Foundation.framework */; };
		22FA75291418BE3F00345720 /* JSONKit.m in Sources */ = {isa = PBXBuildFile; fileRef = 22FA75271418BE3F00345720 /* JSONKit.m */; };
/* End PBXBuildFile section */

/* Begin PBXCopyFilesBuildPhase section */
		22FA75031418BBAB00345720 /* CopyFiles */ = {
			isa = PBXCopyFilesBuildPhase;
			buildActionMask = 2147483647;
			dstPath = /usr/share/man/man1/;
			dstSubfolderSpec = 0;
			files = (
			);
			runOnlyForDeploymentPostprocessing = 1;
		};
/* End PBXCopyFilesBuildPhase section */

/* Begin PBXFileReference section */
		22EF2C961561FB4D00557ABD /* jtop-Prefix.pch */ = {isa = PBXFileReference; fileEncoding = 4; lastKnownFileType = sourcecode.c.h; name = "jtop-Prefix.pch"; path = "jtop/jtop-Prefix.pch"; sourceTree = SOURCE_ROOT; };
		22EF2C971561FB5400557ABD /* main.m */ = {isa = PBXFileReference; fileEncoding = 4; lastKnownFileType = sourcecode.c.objc; name = main.m; path = jtop/main.m; sourceTree = SOURCE_ROOT; };
		22FA75051418BBAB00345720 /* jtop */ = {isa = PBXFileReference; explicitFileType = "compiled.mach-o.executable"; includeInIndex = 0; path = jtop; sourceTree = BUILT_PRODUCTS_DIR; };
		22FA75091418BBAB00345720 /* Foundation.framework */ = {isa = PBXFileReference; lastKnownFileType = wrapper.framework; name = Foundation.framework; path = System/Library/Frameworks/Foundation.framework; sourceTree = SDKROOT; };
		22FA75261418BE3F00345720 /* JSONKit.h */ = {isa = PBXFileReference; fileEncoding = 4; lastKnownFileType = sourcecode.c.h; path = JSONKit.h; sourceTree = "<group>"; };
		22FA75271418BE3F00345720 /* JSONKit.m */ = {isa = PBXFileReference; fileEncoding = 4; lastKnownFileType = sourcecode.c.objc; path = JSONKit.m; sourceTree = "<group>"; };
		22FA75281418BE3F00345720 /* README.md */ = {isa = PBXFileReference; fileEncoding = 4; lastKnownFileType = text; path = README.md; sourceTree = "<group>"; };
/* End PBXFileReference section */

/* Begin PBXFrameworksBuildPhase section */
		22FA75021418BBAB00345720 /* Frameworks */ = {
			isa = PBXFrameworksBuildPhase;
			buildActionMask = 2147483647;
			files = (
				22FA750A1418BBAB00345720 /* Foundation.framework in Frameworks */,
			);
			runOnlyForDeploymentPostprocessing = 0;
		};
/* End PBXFrameworksBuildPhase section */

/* Begin PBXGroup section */
		22FA74FA1418BBAB00345720 = {
			isa = PBXGroup;
			children = (
				22FA75251418BE3F00345720 /* JSONKit */,
				22FA750B1418BBAB00345720 /* jtop */,
				22FA75081418BBAB00345720 /* Frameworks */,
				22FA75061418BBAB00345720 /* Products */,
			);
			sourceTree = "<group>";
		};
		22FA75061418BBAB00345720 /* Products */ = {
			isa = PBXGroup;
			children = (
				22FA75051418BBAB00345720 /* jtop */,
			);
			name = Products;
			sourceTree = "<group>";
		};
		22FA75081418BBAB00345720 /* Frameworks */ = {
			isa = PBXGroup;
			children = (
				22FA75091418BBAB00345720 /* Foundation.framework */,
			);
			name = Frameworks;
			sourceTree = "<group>";
		};
		22FA750B1418BBAB00345720 /* jtop */ = {
			isa = PBXGroup;
			children = (
				22EF2C971561FB5400557ABD /* main.m */,
				22FA750E1418BBAB00345720 /* Supporting Files */,
			);
			name = jtop;
			path = jpconvert;
			sourceTree = "<group>";
		};
		22FA750E1418BBAB00345720 /* Supporting Files */ = {
			isa = PBXGroup;
			children = (
				22EF2C961561FB4D00557ABD /* jtop-Prefix.pch */,
			);
			name = "Supporting Files";
			sourceTree = "<group>";
		};
		22FA75251418BE3F00345720 /* JSONKit */ = {
			isa = PBXGroup;
			children = (
				22FA75261418BE3F00345720 /* JSONKit.h */,
				22FA75271418BE3F00345720 /* JSONKit.m */,
				22FA75281418BE3F00345720 /* README.md */,
			);
			path = JSONKit;
			sourceTree = "<group>";
		};
/* End PBXGroup section */

/* Begin PBXNativeTarget section */
		22FA75041418BBAB00345720 /* jtop */ = {
			isa = PBXNativeTarget;
			buildConfigurationList = 22FA75141418BBAB00345720 /* Build configuration list for PBXNativeTarget "jtop" */;
			buildPhases = (
				22FA75011418BBAB00345720 /* Sources */,
				22FA75021418BBAB00345720 /* Frameworks */,
				22FA75031418BBAB00345720 /* CopyFiles */,
			);
			buildRules = (
			);
			dependencies = (
			);
			name = jtop;
			productName = jpconvert;
			productReference = 22FA75051418BBAB00345720 /* jtop */;
			productType = "com.apple.product-type.tool";
		};
/* End PBXNativeTarget section */

/* Begin PBXProject section */
		22FA74FC1418BBAB00345720 /* Project object */ = {
			isa = PBXProject;
			attributes = {
				ORGANIZATIONNAME = SDO;
			};
			buildConfigurationList = 22FA74FF1418BBAB00345720 /* Build configuration list for PBXProject "jtop" */;
			compatibilityVersion = "Xcode 3.2";
			developmentRegion = English;
			hasScannedForEncodings = 0;
			knownRegions = (
				en,
			);
			mainGroup = 22FA74FA1418BBAB00345720;
			productRefGroup = 22FA75061418BBAB00345720 /* Products */;
			projectDirPath = "";
			projectRoot = "";
			targets = (
				22FA75041418BBAB00345720 /* jtop */,
			);
		};
/* End PBXProject section */

/* Begin PBXSourcesBuildPhase section */
		22FA75011418BBAB00345720 /* Sources */ = {
			isa = PBXSourcesBuildPhase;
			buildActionMask = 2147483647;
			files = (
				22FA75291418BE3F00345720 /* JSONKit.m in Sources */,
				22EF2C981561FB5400557ABD /* main.m in Sources */,
			);
			runOnlyForDeploymentPostprocessing = 0;
		};
/* End PBXSourcesBuildPhase section */

/* Begin XCBuildConfiguration section */
		22FA75121418BBAB00345720 /* Debug */ = {
			isa = XCBuildConfiguration;
			buildSettings = {
				ALWAYS_SEARCH_USER_PATHS = NO;
				ARCHS = "$(ARCHS_STANDARD_64_BIT)";
				COPY_PHASE_STRIP = NO;
				GCC_C_LANGUAGE_STANDARD = gnu99;
				GCC_DYNAMIC_NO_PIC = NO;
				GCC_ENABLE_OBJC_EXCEPTIONS = YES;
				GCC_OPTIMIZATION_LEVEL = 0;
				GCC_PREPROCESSOR_DEFINITIONS = (
					"DEBUG=1",
					"$(inherited)",
				);
				GCC_SYMBOLS_PRIVATE_EXTERN = NO;
				GCC_VERSION = com.apple.compilers.llvm.clang.1_0;
				GCC_WARN_64_TO_32_BIT_CONVERSION = YES;
				GCC_WARN_ABOUT_MISSING_PROTOTYPES = YES;
				GCC_WARN_ABOUT_RETURN_TYPE = YES;
				GCC_WARN_UNUSED_VARIABLE = YES;
				MACOSX_DEPLOYMENT_TARGET = 10.7;
				ONLY_ACTIVE_ARCH = YES;
				SDKROOT = macosx;
			};
			name = Debug;
		};
		22FA75131418BBAB00345720 /* Release */ = {
			isa = XCBuildConfiguration;
			buildSettings = {
				ALWAYS_SEARCH_USER_PATHS = NO;
				ARCHS = "$(ARCHS_STANDARD_64_BIT)";
				COPY_PHASE_STRIP = YES;
				DEBUG_INFORMATION_FORMAT = "dwarf-with-dsym";
				GCC_C_LANGUAGE_STANDARD = gnu99;
				GCC_ENABLE_OBJC_EXCEPTIONS = YES;
				GCC_VERSION = com.apple.compilers.llvm.clang.1_0;
				GCC_WARN_64_TO_32_BIT_CONVERSION = YES;
				GCC_WARN_ABOUT_MISSING_PROTOTYPES = YES;
				GCC_WARN_ABOUT_RETURN_TYPE = YES;
				GCC_WARN_UNUSED_VARIABLE = YES;
				MACOSX_DEPLOYMENT_TARGET = 10.7;
				SDKROOT = macosx;
			};
			name = Release;
		};
		22FA75151418BBAB00345720 /* Debug */ = {
			isa = XCBuildConfiguration;
			buildSettings = {
				GCC_PRECOMPILE_PREFIX_HEADER = YES;
				GCC_PREFIX_HEADER = "jtop/jtop-Prefix.pch";
				GCC_WARN_ABOUT_MISSING_PROTOTYPES = NO;
				PRODUCT_NAME = "$(TARGET_NAME)";
			};
			name = Debug;
		};
		22FA75161418BBAB00345720 /* Release */ = {
			isa = XCBuildConfiguration;
			buildSettings = {
				GCC_PRECOMPILE_PREFIX_HEADER = YES;
				GCC_PREFIX_HEADER = "jtop/jtop-Prefix.pch";
				GCC_WARN_ABOUT_MISSING_PROTOTYPES = NO;
				PRODUCT_NAME = "$(TARGET_NAME)";
			};
			name = Release;
		};
/* End XCBuildConfiguration section */

/* Begin XCConfigurationList section */
		22FA74FF1418BBAB00345720 /* Build configuration list for PBXProject "jtop" */ = {
			isa = XCConfigurationList;
			buildConfigurations = (
				22FA75121418BBAB00345720 /* Debug */,
				22FA75131418BBAB00345720 /* Release */,
			);
			defaultConfigurationIsVisible = 0;
			defaultConfigurationName = Release;
		};
		22FA75141418BBAB00345720 /* Build configuration list for PBXNativeTarget "jtop" */ = {
			isa = XCConfigurationList;
			buildConfigurations = (
				22FA75151418BBAB00345720 /* Debug */,
				22FA75161418BBAB00345720 /* Release */,
			);
			defaultConfigurationIsVisible = 0;
			defaultConfigurationName = Release;
		};
/* End XCConfigurationList section */
	};
	rootObject = 22FA74FC1418BBAB00345720 /* Project object */;
}
